
Microsoft Visual Studio Solution File, Format Version 12.00
# Visual Studio Version 17
VisualStudioVersion = 17.3.32811.315
MinimumVisualStudioVersion = 10.0.40219.1
Project("{FAE04EC0-301F-11D3-BF4B-00C04F79EFBC}") = "Lista5PR2", "Lista5PR2\Lista5PR2.csproj", "{EE8D8BEC-3D24-4A78-B45C-0FBE654D070F}"
EndProject
Global
	GlobalSection(SolutionConfigurationPlatforms) = preSolution
		Debug|Any CPU = Debug|Any CPU
		Release|Any CPU = Release|Any CPU
	EndGlobalSection
	GlobalSection(ProjectConfigurationPlatforms) = postSolution
		{EE8D8BEC-3D24-4A78-B45C-0FBE654D070F}.Debug|Any CPU.ActiveCfg = Debug|Any CPU
		{EE8D8BEC-3D24-4A78-B45C-0FBE654D070F}.Debug|Any CPU.Build.0 = Debug|Any CPU
		{EE8D8BEC-3D24-4A78-B45C-0FBE654D070F}.Release|Any CPU.ActiveCfg = Release|Any CPU
		{EE8D8BEC-3D24-4A78-B45C-0FBE654D070F}.Release|Any CPU.Build.0 = Release|Any CPU
	EndGlobalSection
	GlobalSection(SolutionProperties) = preSolution
		HideSolutionNode = FALSE
	EndGlobalSection
	GlobalSection(ExtensibilityGlobals) = postSolution
		SolutionGuid = {FDA2BC5B-DA1E-47F9-A63B-8C3B642AC262}
	EndGlobalSection
EndGlobal
